<?xml version="1.0" encoding="utf-8"?>
<Project ToolsVersion="4.0" xmlns="http://schemas.microsoft.com/developer/msbuild/2003">
  <ItemGroup>
    <Filter Include="SourceFile">
      <UniqueIdentifier>{1e5d10c4-8757-4d16-b731-17886894e981}</UniqueIdentifier>
    </Filter>
    <Filter Include="DriftCorrection_SRImage">
      <UniqueIdentifier>{d39b0f49-d06f-474d-b082-c7d936b0cac1}</UniqueIdentifier>
    </Filter>
    <Filter Include="FileReadWrite">
      <UniqueIdentifier>{7b7f1465-5ef3-4d45-8dd9-a8ca2438a4f5}</UniqueIdentifier>
    </Filter>
    <Filter Include="Common Parameter">
      <UniqueIdentifier>{00cc6ea3-3c79-4882-8ce8-9daeb670e83d}</UniqueIdentifier>
    </Filter>
  </ItemGroup>
  <ItemGroup>
    <CudaCompile Include="DriftCorrection_SRImageXCorr.cu">
      <Filter>DriftCorrection_SRImage</Filter>
    </CudaCompile>
    <CudaCompile Include="DriftCorrection_SRImageXCorr_rc.cu">
      <Filter>DriftCorrection_SRImage</Filter>
    </CudaCompile>
    <CudaCompile Include="DriftCorrection_SRImageXCorr_top.cu">
      <Filter>DriftCorrection_SRImage</Filter>
    </CudaCompile>
  </ItemGroup>
  <ItemGroup>
    <ClInclude Include="DriftCorrection_SRImageXCorr.h">
      <Filter>DriftCorrection_SRImage</Filter>
    </ClInclude>
    <ClInclude Include="CppFileWrapper.h">
      <Filter>FileReadWrite</Filter>
    </ClInclude>
    <ClInclude Include="CommonPara.h">
      <Filter>Common Parameter</Filter>
    </ClInclude>
    <ClInclude Include="stdafx.h">
      <Filter>SourceFile</Filter>
    </ClInclude>
    <ClInclude Include="targetver.h">
      <Filter>SourceFile</Filter>
    </ClInclude>
  </ItemGroup>
  <ItemGroup>
    <ClCompile Include="stdafx.cpp">
      <Filter>SourceFile</Filter>
    </ClCompile>
  </ItemGroup>
</Project>