<?xml version="1.0" encoding="utf-8"?>
<Project ToolsVersion="4.0" xmlns="http://schemas.microsoft.com/developer/msbuild/2003">
  <ItemGroup>
    <Filter Include="Colocalization">
      <UniqueIdentifier>{ad641669-69de-44bb-9e21-c95e0ebfd3da}</UniqueIdentifier>
    </Filter>
    <Filter Include="DriftCorr">
      <UniqueIdentifier>{9fdc9e3f-fa0c-4463-aac0-a2191d051788}</UniqueIdentifier>
    </Filter>
    <Filter Include="FormatTrans">
      <UniqueIdentifier>{f4cddec9-782c-4c1d-b8a9-0763a748436d}</UniqueIdentifier>
    </Filter>
    <Filter Include="GaussianRender">
      <UniqueIdentifier>{6e0c09d0-dc82-4365-ab40-58413358d17b}</UniqueIdentifier>
    </Filter>
    <Filter Include="GetLocAndRoi">
      <UniqueIdentifier>{eabdbe1c-fc5e-4c72-bb94-71359b6c58dc}</UniqueIdentifier>
    </Filter>
    <Filter Include="HeaderFile">
      <UniqueIdentifier>{98a7d856-af55-486b-80e6-a24246f76593}</UniqueIdentifier>
    </Filter>
    <Filter Include="ImageJInterface">
      <UniqueIdentifier>{a5c25df3-b9c5-47fd-964e-dafee35ef380}</UniqueIdentifier>
    </Filter>
    <Filter Include="kdtree">
      <UniqueIdentifier>{5774d3d4-5c0e-4fc9-9c5b-a436d8c7b0b9}</UniqueIdentifier>
    </Filter>
    <Filter Include="Filtering">
      <UniqueIdentifier>{2b1e62c6-e19a-417c-b78f-743fccc66a96}</UniqueIdentifier>
    </Filter>
    <Filter Include="MathCalc">
      <UniqueIdentifier>{1c67b3ed-2d86-4061-afa8-b50f39514c88}</UniqueIdentifier>
    </Filter>
    <Filter Include="OpenConsole">
      <UniqueIdentifier>{0c7cea0d-859e-43cd-b772-f5a1d5a49acb}</UniqueIdentifier>
    </Filter>
    <Filter Include="Parameters">
      <UniqueIdentifier>{26ede4e0-bf38-4dd3-8f80-73c455a698ce}</UniqueIdentifier>
    </Filter>
    <Filter Include="Segmentation and Cluster">
      <UniqueIdentifier>{53baa311-3c79-4aed-8514-75ca9a8008ef}</UniqueIdentifier>
    </Filter>
    <Filter Include="SourceFile">
      <UniqueIdentifier>{08e311f4-052e-44f9-bd80-f84cbf41a22a}</UniqueIdentifier>
    </Filter>
    <Filter Include="Spatial Statistics">
      <UniqueIdentifier>{36686e7d-10c9-4108-b3d2-849aa9990105}</UniqueIdentifier>
    </Filter>
    <Filter Include="DriftCorrGPU">
      <UniqueIdentifier>{e531cb07-2068-4e22-a222-c0aeabaf9274}</UniqueIdentifier>
    </Filter>
  </ItemGroup>
  <ItemGroup>
    <ClCompile Include="Colocalization.cpp">
      <Filter>Colocalization</Filter>
    </ClCompile>
    <ClCompile Include="DriftCorr.cpp">
      <Filter>DriftCorr</Filter>
    </ClCompile>
    <ClCompile Include="DriftCorrection_SRImageXCorr.cpp">
      <Filter>DriftCorr</Filter>
    </ClCompile>
    <ClCompile Include="ContainerTrans.cpp">
      <Filter>FormatTrans</Filter>
    </ClCompile>
    <ClCompile Include="CppFileWrapper.cpp">
      <Filter>FormatTrans</Filter>
    </ClCompile>
    <ClCompile Include="CsvTxtTrans.cpp">
      <Filter>FormatTrans</Filter>
    </ClCompile>
    <ClCompile Include="Render.cpp">
      <Filter>GaussianRender</Filter>
    </ClCompile>
    <ClCompile Include="GetLocAndRoi.cpp">
      <Filter>GetLocAndRoi</Filter>
    </ClCompile>
    <ClCompile Include="kdtree2.cpp">
      <Filter>kdtree</Filter>
    </ClCompile>
    <ClCompile Include="utils.cpp">
      <Filter>kdtree</Filter>
    </ClCompile>
    <ClCompile Include="DuplicateFilter.cpp">
      <Filter>Filtering</Filter>
    </ClCompile>
    <ClCompile Include="Merging.cpp">
      <Filter>Filtering</Filter>
    </ClCompile>
    <ClCompile Include="NoiseFilter.cpp">
      <Filter>Filtering</Filter>
    </ClCompile>
    <ClCompile Include="ImprecisionFilter.cpp">
      <Filter>Filtering</Filter>
    </ClCompile>
    <ClCompile Include="MathCalc.cpp">
      <Filter>MathCalc</Filter>
    </ClCompile>
    <ClCompile Include="QuantCluster.cpp">
      <Filter>Spatial Statistics</Filter>
    </ClCompile>
    <ClCompile Include="dllmain.cpp">
      <Filter>SourceFile</Filter>
    </ClCompile>
    <ClCompile Include="stdafx.cpp">
      <Filter>SourceFile</Filter>
    </ClCompile>
    <ClCompile Include="DBSCAN.cpp">
      <Filter>Segmentation and Cluster</Filter>
    </ClCompile>
    <ClCompile Include="VoronoiDiagram.cpp">
      <Filter>Segmentation and Cluster</Filter>
    </ClCompile>
    <ClCompile Include="CommonPara.cpp">
      <Filter>Parameters</Filter>
    </ClCompile>
    <ClCompile Include="OpenConsole.cpp">
      <Filter>OpenConsole</Filter>
    </ClCompile>
    <ClCompile Include="DecodeSTORM_.cpp">
      <Filter>ImageJInterface</Filter>
    </ClCompile>
    <ClCompile Include="DriftCorrGPU.cpp">
      <Filter>DriftCorrGPU</Filter>
    </ClCompile>
  </ItemGroup>
  <ItemGroup>
    <ClInclude Include="Colocalization.h">
      <Filter>Colocalization</Filter>
    </ClInclude>
    <ClInclude Include="DriftCorr.h">
      <Filter>DriftCorr</Filter>
    </ClInclude>
    <ClInclude Include="DriftCorrection_SRImageXCorr.h">
      <Filter>DriftCorr</Filter>
    </ClInclude>
    <ClInclude Include="ContainerTrans.h">
      <Filter>FormatTrans</Filter>
    </ClInclude>
    <ClInclude Include="CppFileWrapper.h">
      <Filter>FormatTrans</Filter>
    </ClInclude>
    <ClInclude Include="CsvTxtTrans.h">
      <Filter>FormatTrans</Filter>
    </ClInclude>
    <ClInclude Include="Render.h">
      <Filter>GaussianRender</Filter>
    </ClInclude>
    <ClInclude Include="GetLocAndRoi.h">
      <Filter>GetLocAndRoi</Filter>
    </ClInclude>
    <ClInclude Include="stdafx.h">
      <Filter>HeaderFile</Filter>
    </ClInclude>
    <ClInclude Include="targetver.h">
      <Filter>HeaderFile</Filter>
    </ClInclude>
    <ClInclude Include="kdtree2.hpp">
      <Filter>kdtree</Filter>
    </ClInclude>
    <ClInclude Include="utils.h">
      <Filter>kdtree</Filter>
    </ClInclude>
    <ClInclude Include="DuplicateFilter.h">
      <Filter>Filtering</Filter>
    </ClInclude>
    <ClInclude Include="Merging.h">
      <Filter>Filtering</Filter>
    </ClInclude>
    <ClInclude Include="NoiseFilter.h">
      <Filter>Filtering</Filter>
    </ClInclude>
    <ClInclude Include="ImprecisionFilter.h">
      <Filter>Filtering</Filter>
    </ClInclude>
    <ClInclude Include="MathCalc.h">
      <Filter>MathCalc</Filter>
    </ClInclude>
    <ClInclude Include="QuantCluster.h">
      <Filter>Spatial Statistics</Filter>
    </ClInclude>
    <ClInclude Include="DBSCAN.h">
      <Filter>Segmentation and Cluster</Filter>
    </ClInclude>
    <ClInclude Include="VoronoiDiagram.h">
      <Filter>Segmentation and Cluster</Filter>
    </ClInclude>
    <ClInclude Include="CommonPara.h">
      <Filter>Parameters</Filter>
    </ClInclude>
    <ClInclude Include="OpenConsole.h">
      <Filter>OpenConsole</Filter>
    </ClInclude>
    <ClInclude Include="DecodeSTORM_.h">
      <Filter>ImageJInterface</Filter>
    </ClInclude>
    <ClInclude Include="DriftCorrection_SRImageXCorrGPU.h">
      <Filter>DriftCorrGPU</Filter>
    </ClInclude>
    <ClInclude Include="DriftCorrGPU.h">
      <Filter>DriftCorrGPU</Filter>
    </ClInclude>
  </ItemGroup>
</Project>